
Microsoft Visual Studio Solution File, Format Version 12.00
# Visual Studio 15
VisualStudioVersion = 15.0.26730.16
MinimumVisualStudioVersion = 10.0.40219.1
Project("{FAE04EC0-301F-11D3-BF4B-00C04F79EFBC}") = "CSharpSyntax", "CSharpSyntax\CSharpSyntax.csproj", "{BA24EF02-98E6-44E4-BCC2-3E5C845A422E}"
EndProject
Global
	GlobalSection(SolutionConfigurationPlatforms) = preSolution
		Debug|Any CPU = Debug|Any CPU
		Release|Any CPU = Release|Any CPU
	EndGlobalSection
	GlobalSection(ProjectConfigurationPlatforms) = postSolution
		{BA24EF02-98E6-44E4-BCC2-3E5C845A422E}.Debug|Any CPU.ActiveCfg = Debug|Any CPU
		{BA24EF02-98E6-44E4-BCC2-3E5C845A422E}.Debug|Any CPU.Build.0 = Debug|Any CPU
		{BA24EF02-98E6-44E4-BCC2-3E5C845A422E}.Release|Any CPU.ActiveCfg = Release|Any CPU
		{BA24EF02-98E6-44E4-BCC2-3E5C845A422E}.Release|Any CPU.Build.0 = Release|Any CPU
	EndGlobalSection
	GlobalSection(SolutionProperties) = preSolution
		HideSolutionNode = FALSE
	EndGlobalSection
	GlobalSection(ExtensibilityGlobals) = postSolution
		SolutionGuid = {7635DB58-0D90-4B85-A1CA-8593F800EFF9}
	EndGlobalSection
EndGlobal
